
Microsoft Visual Studio Solution File, Format Version 12.00
# Visual Studio 14
VisualStudioVersion = 14.0.25420.1
MinimumVisualStudioVersion = 10.0.40219.1
Project("{FAE04EC0-301F-11D3-BF4B-00C04F79EFBC}") = "mvc", "mvc\mvc.csproj", "{198EA41D-67AC-4E8A-8ADB-7E5B667875DB}"
EndProject
Project("{FAE04EC0-301F-11D3-BF4B-00C04F79EFBC}") = "Domain", "ClassLibrary1\Domain.csproj", "{84153124-4B5E-4308-A267-31A81A11AAA7}"
EndProject
Project("{FAE04EC0-301F-11D3-BF4B-00C04F79EFBC}") = "Domain.Acces", "DataBase.Domain\Domain.Acces.csproj", "{7D248ED4-06F1-46C6-B908-101C4E50ED7B}"
EndProject
Global
	GlobalSection(SolutionConfigurationPlatforms) = preSolution
		Debug|Any CPU = Debug|Any CPU
		Release|Any CPU = Release|Any CPU
	EndGlobalSection
	GlobalSection(ProjectConfigurationPlatforms) = postSolution
		{198EA41D-67AC-4E8A-8ADB-7E5B667875DB}.Debug|Any CPU.ActiveCfg = Debug|Any CPU
		{198EA41D-67AC-4E8A-8ADB-7E5B667875DB}.Debug|Any CPU.Build.0 = Debug|Any CPU
		{198EA41D-67AC-4E8A-8ADB-7E5B667875DB}.Release|Any CPU.ActiveCfg = Release|Any CPU
		{198EA41D-67AC-4E8A-8ADB-7E5B667875DB}.Release|Any CPU.Build.0 = Release|Any CPU
		{84153124-4B5E-4308-A267-31A81A11AAA7}.Debug|Any CPU.ActiveCfg = Debug|Any CPU
		{84153124-4B5E-4308-A267-31A81A11AAA7}.Debug|Any CPU.Build.0 = Debug|Any CPU
		{84153124-4B5E-4308-A267-31A81A11AAA7}.Release|Any CPU.ActiveCfg = Release|Any CPU
		{84153124-4B5E-4308-A267-31A81A11AAA7}.Release|Any CPU.Build.0 = Release|Any CPU
		{7D248ED4-06F1-46C6-B908-101C4E50ED7B}.Debug|Any CPU.ActiveCfg = Debug|Any CPU
		{7D248ED4-06F1-46C6-B908-101C4E50ED7B}.Debug|Any CPU.Build.0 = Debug|Any CPU
		{7D248ED4-06F1-46C6-B908-101C4E50ED7B}.Release|Any CPU.ActiveCfg = Release|Any CPU
		{7D248ED4-06F1-46C6-B908-101C4E50ED7B}.Release|Any CPU.Build.0 = Release|Any CPU
	EndGlobalSection
	GlobalSection(SolutionProperties) = preSolution
		HideSolutionNode = FALSE
	EndGlobalSection
EndGlobal
