
Microsoft Visual Studio Solution File, Format Version 12.00
# Visual Studio 14
VisualStudioVersion = 14.0.25420.1
MinimumVisualStudioVersion = 10.0.40219.1
Project("{FAE04EC0-301F-11D3-BF4B-00C04F79EFBC}") = "froehliche_zahlen", "froehliche_zahlen\froehliche_zahlen.csproj", "{643E9973-9E4F-421D-A31A-7D9E301044F3}"
EndProject
Project("{FAE04EC0-301F-11D3-BF4B-00C04F79EFBC}") = "fröhlicher_test", "fröhlicher_test\fröhlicher_test.csproj", "{5803D821-8051-4140-807E-98C6D77CBABC}"
EndProject
Global
	GlobalSection(SolutionConfigurationPlatforms) = preSolution
		Debug|Any CPU = Debug|Any CPU
		Release|Any CPU = Release|Any CPU
	EndGlobalSection
	GlobalSection(ProjectConfigurationPlatforms) = postSolution
		{643E9973-9E4F-421D-A31A-7D9E301044F3}.Debug|Any CPU.ActiveCfg = Debug|Any CPU
		{643E9973-9E4F-421D-A31A-7D9E301044F3}.Debug|Any CPU.Build.0 = Debug|Any CPU
		{643E9973-9E4F-421D-A31A-7D9E301044F3}.Release|Any CPU.ActiveCfg = Release|Any CPU
		{643E9973-9E4F-421D-A31A-7D9E301044F3}.Release|Any CPU.Build.0 = Release|Any CPU
		{5803D821-8051-4140-807E-98C6D77CBABC}.Debug|Any CPU.ActiveCfg = Debug|Any CPU
		{5803D821-8051-4140-807E-98C6D77CBABC}.Debug|Any CPU.Build.0 = Debug|Any CPU
		{5803D821-8051-4140-807E-98C6D77CBABC}.Release|Any CPU.ActiveCfg = Release|Any CPU
		{5803D821-8051-4140-807E-98C6D77CBABC}.Release|Any CPU.Build.0 = Release|Any CPU
	EndGlobalSection
	GlobalSection(SolutionProperties) = preSolution
		HideSolutionNode = FALSE
	EndGlobalSection
EndGlobal
