
Microsoft Visual Studio Solution File, Format Version 12.00
# Visual Studio 14
VisualStudioVersion = 14.0.25420.1
MinimumVisualStudioVersion = 10.0.40219.1
Project("{FAE04EC0-301F-11D3-BF4B-00C04F79EFBC}") = "TestNeuralNetworksFunktionel", "TestNeuralNetworksFunktionel\TestNeuralNetworksFunktionel.csproj", "{AA142879-BEF4-4C17-BCB8-5803DFC43CAF}"
EndProject
Project("{FAE04EC0-301F-11D3-BF4B-00C04F79EFBC}") = "Classes", "Classes\Classes.csproj", "{F24849CA-CED9-46A8-A42F-4A6F4BC5B19B}"
EndProject
Global
	GlobalSection(SolutionConfigurationPlatforms) = preSolution
		Debug|Any CPU = Debug|Any CPU
		Release|Any CPU = Release|Any CPU
	EndGlobalSection
	GlobalSection(ProjectConfigurationPlatforms) = postSolution
		{AA142879-BEF4-4C17-BCB8-5803DFC43CAF}.Debug|Any CPU.ActiveCfg = Debug|Any CPU
		{AA142879-BEF4-4C17-BCB8-5803DFC43CAF}.Debug|Any CPU.Build.0 = Debug|Any CPU
		{AA142879-BEF4-4C17-BCB8-5803DFC43CAF}.Release|Any CPU.ActiveCfg = Release|Any CPU
		{AA142879-BEF4-4C17-BCB8-5803DFC43CAF}.Release|Any CPU.Build.0 = Release|Any CPU
		{F24849CA-CED9-46A8-A42F-4A6F4BC5B19B}.Debug|Any CPU.ActiveCfg = Debug|Any CPU
		{F24849CA-CED9-46A8-A42F-4A6F4BC5B19B}.Debug|Any CPU.Build.0 = Debug|Any CPU
		{F24849CA-CED9-46A8-A42F-4A6F4BC5B19B}.Release|Any CPU.ActiveCfg = Release|Any CPU
		{F24849CA-CED9-46A8-A42F-4A6F4BC5B19B}.Release|Any CPU.Build.0 = Release|Any CPU
	EndGlobalSection
	GlobalSection(SolutionProperties) = preSolution
		HideSolutionNode = FALSE
	EndGlobalSection
EndGlobal
