
Microsoft Visual Studio Solution File, Format Version 12.00
# Visual Studio 14
VisualStudioVersion = 14.0.25420.1
MinimumVisualStudioVersion = 10.0.40219.1
Project("{FAE04EC0-301F-11D3-BF4B-00C04F79EFBC}") = "nunit", "nunit\nunit.csproj", "{A59D57C8-6347-4492-817A-15CCCA54774A}"
EndProject
Project("{FAE04EC0-301F-11D3-BF4B-00C04F79EFBC}") = "Teststs", "Teststs\Teststs.csproj", "{E7D06068-8ACD-4CDD-BD5B-AADEAE53AF85}"
EndProject
Global
	GlobalSection(SolutionConfigurationPlatforms) = preSolution
		Debug|Any CPU = Debug|Any CPU
		Release|Any CPU = Release|Any CPU
	EndGlobalSection
	GlobalSection(ProjectConfigurationPlatforms) = postSolution
		{A59D57C8-6347-4492-817A-15CCCA54774A}.Debug|Any CPU.ActiveCfg = Debug|Any CPU
		{A59D57C8-6347-4492-817A-15CCCA54774A}.Debug|Any CPU.Build.0 = Debug|Any CPU
		{A59D57C8-6347-4492-817A-15CCCA54774A}.Release|Any CPU.ActiveCfg = Release|Any CPU
		{A59D57C8-6347-4492-817A-15CCCA54774A}.Release|Any CPU.Build.0 = Release|Any CPU
		{E7D06068-8ACD-4CDD-BD5B-AADEAE53AF85}.Debug|Any CPU.ActiveCfg = Debug|Any CPU
		{E7D06068-8ACD-4CDD-BD5B-AADEAE53AF85}.Debug|Any CPU.Build.0 = Debug|Any CPU
		{E7D06068-8ACD-4CDD-BD5B-AADEAE53AF85}.Release|Any CPU.ActiveCfg = Release|Any CPU
		{E7D06068-8ACD-4CDD-BD5B-AADEAE53AF85}.Release|Any CPU.Build.0 = Release|Any CPU
	EndGlobalSection
	GlobalSection(SolutionProperties) = preSolution
		HideSolutionNode = FALSE
	EndGlobalSection
EndGlobal
