
Microsoft Visual Studio Solution File, Format Version 12.00
# Visual Studio 14
VisualStudioVersion = 14.0.25420.1
MinimumVisualStudioVersion = 10.0.40219.1
Project("{FAE04EC0-301F-11D3-BF4B-00C04F79EFBC}") = "fizzbuzz", "fizzbuzz\fizzbuzz.csproj", "{5496152D-4FB5-4A23-84BE-B842E9C98A56}"
EndProject
Project("{FAE04EC0-301F-11D3-BF4B-00C04F79EFBC}") = "fizztest", "FizzTest\fizztest.csproj", "{678208CA-D5BE-4095-A2DA-EE5CD1EFEE11}"
EndProject
Global
	GlobalSection(SolutionConfigurationPlatforms) = preSolution
		Debug|Any CPU = Debug|Any CPU
		Release|Any CPU = Release|Any CPU
	EndGlobalSection
	GlobalSection(ProjectConfigurationPlatforms) = postSolution
		{5496152D-4FB5-4A23-84BE-B842E9C98A56}.Debug|Any CPU.ActiveCfg = Debug|Any CPU
		{5496152D-4FB5-4A23-84BE-B842E9C98A56}.Debug|Any CPU.Build.0 = Debug|Any CPU
		{5496152D-4FB5-4A23-84BE-B842E9C98A56}.Release|Any CPU.ActiveCfg = Release|Any CPU
		{5496152D-4FB5-4A23-84BE-B842E9C98A56}.Release|Any CPU.Build.0 = Release|Any CPU
		{678208CA-D5BE-4095-A2DA-EE5CD1EFEE11}.Debug|Any CPU.ActiveCfg = Debug|Any CPU
		{678208CA-D5BE-4095-A2DA-EE5CD1EFEE11}.Debug|Any CPU.Build.0 = Debug|Any CPU
		{678208CA-D5BE-4095-A2DA-EE5CD1EFEE11}.Release|Any CPU.ActiveCfg = Release|Any CPU
		{678208CA-D5BE-4095-A2DA-EE5CD1EFEE11}.Release|Any CPU.Build.0 = Release|Any CPU
	EndGlobalSection
	GlobalSection(SolutionProperties) = preSolution
		HideSolutionNode = FALSE
	EndGlobalSection
EndGlobal
